// !$*UTF8*$!
{
	archiveVersion = 1;
	classes = {
	};
	objectVersion = 50;
	objects = {

/* Begin PBXBuildFile section */
		D492F60E21F2BACA005A4626 /* AppDelegate.swift in Sources */ = {isa = PBXBuildFile; fileRef = D492F60D21F2BACA005A4626 /* AppDelegate.swift */; };
		D492F61321F2BACA005A4626 /* Main.storyboard in Resources */ = {isa = PBXBuildFile; fileRef = D492F61121F2BACA005A4626 /* Main.storyboard */; };
		D492F61521F2BACD005A4626 /* Assets.xcassets in Resources */ = {isa = PBXBuildFile; fileRef = D492F61421F2BACD005A4626 /* Assets.xcassets */; };
		D492F61821F2BACD005A4626 /* LaunchScreen.storyboard in Resources */ = {isa = PBXBuildFile; fileRef = D492F61621F2BACD005A4626 /* LaunchScreen.storyboard */; };
		D492F62221F2BC62005A4626 /* TaskListTableViewController.swift in Sources */ = {isa = PBXBuildFile; fileRef = D492F62121F2BC62005A4626 /* TaskListTableViewController.swift */; };
		D492F62421F2CA69005A4626 /* TaskCollection.swift in Sources */ = {isa = PBXBuildFile; fileRef = D492F62321F2CA69005A4626 /* TaskCollection.swift */; };
		D492F62621F2CB74005A4626 /* TaskViewController.swift in Sources */ = {isa = PBXBuildFile; fileRef = D492F62521F2CB74005A4626 /* TaskViewController.swift */; };
		D492F62821F2D156005A4626 /* task.swift in Sources */ = {isa = PBXBuildFile; fileRef = D492F62721F2D156005A4626 /* task.swift */; };
		D492F62C21F6970F005A4626 /* EditTableViewController.swift in Sources */ = {isa = PBXBuildFile; fileRef = D492F62B21F6970F005A4626 /* EditTableViewController.swift */; };
/* End PBXBuildFile section */

/* Begin PBXFileReference section */
		D492F60A21F2BACA005A4626 /* todo.app */ = {isa = PBXFileReference; explicitFileType = wrapper.application; includeInIndex = 0; path = todo.app; sourceTree = BUILT_PRODUCTS_DIR; };
		D492F60D21F2BACA005A4626 /* AppDelegate.swift */ = {isa = PBXFileReference; lastKnownFileType = sourcecode.swift; path = AppDelegate.swift; sourceTree = "<group>"; };
		D492F61221F2BACA005A4626 /* Base */ = {isa = PBXFileReference; lastKnownFileType = file.storyboard; name = Base; path = Base.lproj/Main.storyboard; sourceTree = "<group>"; };
		D492F61421F2BACD005A4626 /* Assets.xcassets */ = {isa = PBXFileReference; lastKnownFileType = folder.assetcatalog; path = Assets.xcassets; sourceTree = "<group>"; };
		D492F61721F2BACD005A4626 /* Base */ = {isa = PBXFileReference; lastKnownFileType = file.storyboard; name = Base; path = Base.lproj/LaunchScreen.storyboard; sourceTree = "<group>"; };
		D492F61921F2BACD005A4626 /* Info.plist */ = {isa = PBXFileReference; lastKnownFileType = text.plist.xml; path = Info.plist; sourceTree = "<group>"; };
		D492F62121F2BC62005A4626 /* TaskListTableViewController.swift */ = {isa = PBXFileReference; lastKnownFileType = sourcecode.swift; path = TaskListTableViewController.swift; sourceTree = "<group>"; };
		D492F62321F2CA69005A4626 /* TaskCollection.swift */ = {isa = PBXFileReference; lastKnownFileType = sourcecode.swift; path = TaskCollection.swift; sourceTree = "<group>"; };
		D492F62521F2CB74005A4626 /* TaskViewController.swift */ = {isa = PBXFileReference; lastKnownFileType = sourcecode.swift; path = TaskViewController.swift; sourceTree = "<group>"; };
		D492F62721F2D156005A4626 /* task.swift */ = {isa = PBXFileReference; lastKnownFileType = sourcecode.swift; path = task.swift; sourceTree = "<group>"; };
		D492F62B21F6970F005A4626 /* EditTableViewController.swift */ = {isa = PBXFileReference; lastKnownFileType = sourcecode.swift; path = EditTableViewController.swift; sourceTree = "<group>"; };
/* End PBXFileReference section */

/* Begin PBXFrameworksBuildPhase section */
		D492F60721F2BACA005A4626 /* Frameworks */ = {
			isa = PBXFrameworksBuildPhase;
			buildActionMask = 2147483647;
			files = (
			);
			runOnlyForDeploymentPostprocessing = 0;
		};
/* End PBXFrameworksBuildPhase section */

/* Begin PBXGroup section */
		D492F60121F2BACA005A4626 = {
			isa = PBXGroup;
			children = (
				D492F60C21F2BACA005A4626 /* todo */,
				D492F60B21F2BACA005A4626 /* Products */,
			);
			sourceTree = "<group>";
		};
		D492F60B21F2BACA005A4626 /* Products */ = {
			isa = PBXGroup;
			children = (
				D492F60A21F2BACA005A4626 /* todo.app */,
			);
			name = Products;
			sourceTree = "<group>";
		};
		D492F60C21F2BACA005A4626 /* todo */ = {
			isa = PBXGroup;
			children = (
				D492F62021F2BC04005A4626 /* models */,
				D492F61F21F2BBE7005A4626 /* Controllers */,
				D492F60D21F2BACA005A4626 /* AppDelegate.swift */,
				D492F61121F2BACA005A4626 /* Main.storyboard */,
				D492F61421F2BACD005A4626 /* Assets.xcassets */,
				D492F61621F2BACD005A4626 /* LaunchScreen.storyboard */,
				D492F61921F2BACD005A4626 /* Info.plist */,
			);
			path = todo;
			sourceTree = "<group>";
		};
		D492F61F21F2BBE7005A4626 /* Controllers */ = {
			isa = PBXGroup;
			children = (
				D492F62121F2BC62005A4626 /* TaskListTableViewController.swift */,
				D492F62521F2CB74005A4626 /* TaskViewController.swift */,
				D492F62B21F6970F005A4626 /* EditTableViewController.swift */,
			);
			path = Controllers;
			sourceTree = "<group>";
		};
		D492F62021F2BC04005A4626 /* models */ = {
			isa = PBXGroup;
			children = (
				D492F62321F2CA69005A4626 /* TaskCollection.swift */,
				D492F62721F2D156005A4626 /* task.swift */,
			);
			path = models;
			sourceTree = "<group>";
		};
/* End PBXGroup section */

/* Begin PBXNativeTarget section */
		D492F60921F2BACA005A4626 /* todo */ = {
			isa = PBXNativeTarget;
			buildConfigurationList = D492F61C21F2BACD005A4626 /* Build configuration list for PBXNativeTarget "todo" */;
			buildPhases = (
				D492F60621F2BACA005A4626 /* Sources */,
				D492F60721F2BACA005A4626 /* Frameworks */,
				D492F60821F2BACA005A4626 /* Resources */,
			);
			buildRules = (
			);
			dependencies = (
			);
			name = todo;
			productName = todo;
			productReference = D492F60A21F2BACA005A4626 /* todo.app */;
			productType = "com.apple.product-type.application";
		};
/* End PBXNativeTarget section */

/* Begin PBXProject section */
		D492F60221F2BACA005A4626 /* Project object */ = {
			isa = PBXProject;
			attributes = {
				LastSwiftUpdateCheck = 1010;
				LastUpgradeCheck = 1010;
				ORGANIZATIONNAME = "奥城健太郎";
				TargetAttributes = {
					D492F60921F2BACA005A4626 = {
						CreatedOnToolsVersion = 10.1;
					};
				};
			};
			buildConfigurationList = D492F60521F2BACA005A4626 /* Build configuration list for PBXProject "todo" */;
			compatibilityVersion = "Xcode 9.3";
			developmentRegion = en;
			hasScannedForEncodings = 0;
			knownRegions = (
				en,
				Base,
			);
			mainGroup = D492F60121F2BACA005A4626;
			productRefGroup = D492F60B21F2BACA005A4626 /* Products */;
			projectDirPath = "";
			projectRoot = "";
			targets = (
				D492F60921F2BACA005A4626 /* todo */,
			);
		};
/* End PBXProject section */

/* Begin PBXResourcesBuildPhase section */
		D492F60821F2BACA005A4626 /* Resources */ = {
			isa = PBXResourcesBuildPhase;
			buildActionMask = 2147483647;
			files = (
				D492F61821F2BACD005A4626 /* LaunchScreen.storyboard in Resources */,
				D492F61521F2BACD005A4626 /* Assets.xcassets in Resources */,
				D492F61321F2BACA005A4626 /* Main.storyboard in Resources */,
			);
			runOnlyForDeploymentPostprocessing = 0;
		};
/* End PBXResourcesBuildPhase section */

/* Begin PBXSourcesBuildPhase section */
		D492F60621F2BACA005A4626 /* Sources */ = {
			isa = PBXSourcesBuildPhase;
			buildActionMask = 2147483647;
			files = (
				D492F62221F2BC62005A4626 /* TaskListTableViewController.swift in Sources */,
				D492F62C21F6970F005A4626 /* EditTableViewController.swift in Sources */,
				D492F62621F2CB74005A4626 /* TaskViewController.swift in Sources */,
				D492F60E21F2BACA005A4626 /* AppDelegate.swift in Sources */,
				D492F62421F2CA69005A4626 /* TaskCollection.swift in Sources */,
				D492F62821F2D156005A4626 /* task.swift in Sources */,
			);
			runOnlyForDeploymentPostprocessing = 0;
		};
/* End PBXSourcesBuildPhase section */

/* Begin PBXVariantGroup section */
		D492F61121F2BACA005A4626 /* Main.storyboard */ = {
			isa = PBXVariantGroup;
			children = (
				D492F61221F2BACA005A4626 /* Base */,
			);
			name = Main.storyboard;
			sourceTree = "<group>";
		};
		D492F61621F2BACD005A4626 /* LaunchScreen.storyboard */ = {
			isa = PBXVariantGroup;
			children = (
				D492F61721F2BACD005A4626 /* Base */,
			);
			name = LaunchScreen.storyboard;
			sourceTree = "<group>";
		};
/* End PBXVariantGroup section */

/* Begin XCBuildConfiguration section */
		D492F61A21F2BACD005A4626 /* Debug */ = {
			isa = XCBuildConfiguration;
			buildSettings = {
				ALWAYS_SEARCH_USER_PATHS = NO;
				CLANG_ANALYZER_NONNULL = YES;
				CLANG_ANALYZER_NUMBER_OBJECT_CONVERSION = YES_AGGRESSIVE;
				CLANG_CXX_LANGUAGE_STANDARD = "gnu++14";
				CLANG_CXX_LIBRARY = "libc++";
				CLANG_ENABLE_MODULES = YES;
				CLANG_ENABLE_OBJC_ARC = YES;
				CLANG_ENABLE_OBJC_WEAK = YES;
				CLANG_WARN_BLOCK_CAPTURE_AUTORELEASING = YES;
				CLANG_WARN_BOOL_CONVERSION = YES;
				CLANG_WARN_COMMA = YES;
				CLANG_WARN_CONSTANT_CONVERSION = YES;
				CLANG_WARN_DEPRECATED_OBJC_IMPLEMENTATIONS = YES;
				CLANG_WARN_DIRECT_OBJC_ISA_USAGE = YES_ERROR;
				CLANG_WARN_DOCUMENTATION_COMMENTS = YES;
				CLANG_WARN_EMPTY_BODY = YES;
				CLANG_WARN_ENUM_CONVERSION = YES;
				CLANG_WARN_INFINITE_RECURSION = YES;
				CLANG_WARN_INT_CONVERSION = YES;
				CLANG_WARN_NON_LITERAL_NULL_CONVERSION = YES;
				CLANG_WARN_OBJC_IMPLICIT_RETAIN_SELF = YES;
				CLANG_WARN_OBJC_LITERAL_CONVERSION = YES;
				CLANG_WARN_OBJC_ROOT_CLASS = YES_ERROR;
				CLANG_WARN_RANGE_LOOP_ANALYSIS = YES;
				CLANG_WARN_STRICT_PROTOTYPES = YES;
				CLANG_WARN_SUSPICIOUS_MOVE = YES;
				CLANG_WARN_UNGUARDED_AVAILABILITY = YES_AGGRESSIVE;
				CLANG_WARN_UNREACHABLE_CODE = YES;
				CLANG_WARN__DUPLICATE_METHOD_MATCH = YES;
				CODE_SIGN_IDENTITY = "iPhone Developer";
				COPY_PHASE_STRIP = NO;
				DEBUG_INFORMATION_FORMAT = dwarf;
				ENABLE_STRICT_OBJC_MSGSEND = YES;
				ENABLE_TESTABILITY = YES;
				GCC_C_LANGUAGE_STANDARD = gnu11;
				GCC_DYNAMIC_NO_PIC = NO;
				GCC_NO_COMMON_BLOCKS = YES;
				GCC_OPTIMIZATION_LEVEL = 0;
				GCC_PREPROCESSOR_DEFINITIONS = (
					"DEBUG=1",
					"$(inherited)",
				);
				GCC_WARN_64_TO_32_BIT_CONVERSION = YES;
				GCC_WARN_ABOUT_RETURN_TYPE = YES_ERROR;
				GCC_WARN_UNDECLARED_SELECTOR = YES;
				GCC_WARN_UNINITIALIZED_AUTOS = YES_AGGRESSIVE;
				GCC_WARN_UNUSED_FUNCTION = YES;
				GCC_WARN_UNUSED_VARIABLE = YES;
				IPHONEOS_DEPLOYMENT_TARGET = 12.1;
				MTL_ENABLE_DEBUG_INFO = INCLUDE_SOURCE;
				MTL_FAST_MATH = YES;
				ONLY_ACTIVE_ARCH = YES;
				SDKROOT = iphoneos;
				SWIFT_ACTIVE_COMPILATION_CONDITIONS = DEBUG;
				SWIFT_OPTIMIZATION_LEVEL = "-Onone";
			};
			name = Debug;
		};
		D492F61B21F2BACD005A4626 /* Release */ = {
			isa = XCBuildConfiguration;
			buildSettings = {
				ALWAYS_SEARCH_USER_PATHS = NO;
				CLANG_ANALYZER_NONNULL = YES;
				CLANG_ANALYZER_NUMBER_OBJECT_CONVERSION = YES_AGGRESSIVE;
				CLANG_CXX_LANGUAGE_STANDARD = "gnu++14";
				CLANG_CXX_LIBRARY = "libc++";
				CLANG_ENABLE_MODULES = YES;
				CLANG_ENABLE_OBJC_ARC = YES;
				CLANG_ENABLE_OBJC_WEAK = YES;
				CLANG_WARN_BLOCK_CAPTURE_AUTORELEASING = YES;
				CLANG_WARN_BOOL_CONVERSION = YES;
				CLANG_WARN_COMMA = YES;
				CLANG_WARN_CONSTANT_CONVERSION = YES;
				CLANG_WARN_DEPRECATED_OBJC_IMPLEMENTATIONS = YES;
				CLANG_WARN_DIRECT_OBJC_ISA_USAGE = YES_ERROR;
				CLANG_WARN_DOCUMENTATION_COMMENTS = YES;
				CLANG_WARN_EMPTY_BODY = YES;
				CLANG_WARN_ENUM_CONVERSION = YES;
				CLANG_WARN_INFINITE_RECURSION = YES;
				CLANG_WARN_INT_CONVERSION = YES;
				CLANG_WARN_NON_LITERAL_NULL_CONVERSION = YES;
				CLANG_WARN_OBJC_IMPLICIT_RETAIN_SELF = YES;
				CLANG_WARN_OBJC_LITERAL_CONVERSION = YES;
				CLANG_WARN_OBJC_ROOT_CLASS = YES_ERROR;
				CLANG_WARN_RANGE_LOOP_ANALYSIS = YES;
				CLANG_WARN_STRICT_PROTOTYPES = YES;
				CLANG_WARN_SUSPICIOUS_MOVE = YES;
				CLANG_WARN_UNGUARDED_AVAILABILITY = YES_AGGRESSIVE;
				CLANG_WARN_UNREACHABLE_CODE = YES;
				CLANG_WARN__DUPLICATE_METHOD_MATCH = YES;
				CODE_SIGN_IDENTITY = "iPhone Developer";
				COPY_PHASE_STRIP = NO;
				DEBUG_INFORMATION_FORMAT = "dwarf-with-dsym";
				ENABLE_NS_ASSERTIONS = NO;
				ENABLE_STRICT_OBJC_MSGSEND = YES;
				GCC_C_LANGUAGE_STANDARD = gnu11;
				GCC_NO_COMMON_BLOCKS = YES;
				GCC_WARN_64_TO_32_BIT_CONVERSION = YES;
				GCC_WARN_ABOUT_RETURN_TYPE = YES_ERROR;
				GCC_WARN_UNDECLARED_SELECTOR = YES;
				GCC_WARN_UNINITIALIZED_AUTOS = YES_AGGRESSIVE;
				GCC_WARN_UNUSED_FUNCTION = YES;
				GCC_WARN_UNUSED_VARIABLE = YES;
				IPHONEOS_DEPLOYMENT_TARGET = 12.1;
				MTL_ENABLE_DEBUG_INFO = NO;
				MTL_FAST_MATH = YES;
				SDKROOT = iphoneos;
				SWIFT_COMPILATION_MODE = wholemodule;
				SWIFT_OPTIMIZATION_LEVEL = "-O";
				VALIDATE_PRODUCT = YES;
			};
			name = Release;
		};
		D492F61D21F2BACD005A4626 /* Debug */ = {
			isa = XCBuildConfiguration;
			buildSettings = {
				ASSETCATALOG_COMPILER_APPICON_NAME = AppIcon;
				CODE_SIGN_STYLE = Automatic;
				DEVELOPMENT_TEAM = 3U6UDFBN33;
				INFOPLIST_FILE = todo/Info.plist;
				LD_RUNPATH_SEARCH_PATHS = (
					"$(inherited)",
					"@executable_path/Frameworks",
				);
				PRODUCT_BUNDLE_IDENTIFIER = xxx.todo;
				PRODUCT_NAME = "$(TARGET_NAME)";
				SWIFT_VERSION = 4.2;
				TARGETED_DEVICE_FAMILY = "1,2";
			};
			name = Debug;
		};
		D492F61E21F2BACD005A4626 /* Release */ = {
			isa = XCBuildConfiguration;
			buildSettings = {
				ASSETCATALOG_COMPILER_APPICON_NAME = AppIcon;
				CODE_SIGN_STYLE = Automatic;
				DEVELOPMENT_TEAM = 3U6UDFBN33;
				INFOPLIST_FILE = todo/Info.plist;
				LD_RUNPATH_SEARCH_PATHS = (
					"$(inherited)",
					"@executable_path/Frameworks",
				);
				PRODUCT_BUNDLE_IDENTIFIER = xxx.todo;
				PRODUCT_NAME = "$(TARGET_NAME)";
				SWIFT_VERSION = 4.2;
				TARGETED_DEVICE_FAMILY = "1,2";
			};
			name = Release;
		};
/* End XCBuildConfiguration section */

/* Begin XCConfigurationList section */
		D492F60521F2BACA005A4626 /* Build configuration list for PBXProject "todo" */ = {
			isa = XCConfigurationList;
			buildConfigurations = (
				D492F61A21F2BACD005A4626 /* Debug */,
				D492F61B21F2BACD005A4626 /* Release */,
			);
			defaultConfigurationIsVisible = 0;
			defaultConfigurationName = Release;
		};
		D492F61C21F2BACD005A4626 /* Build configuration list for PBXNativeTarget "todo" */ = {
			isa = XCConfigurationList;
			buildConfigurations = (
				D492F61D21F2BACD005A4626 /* Debug */,
				D492F61E21F2BACD005A4626 /* Release */,
			);
			defaultConfigurationIsVisible = 0;
			defaultConfigurationName = Release;
		};
/* End XCConfigurationList section */
	};
	rootObject = D492F60221F2BACA005A4626 /* Project object */;
}
